
Microsoft Visual Studio Solution File, Format Version 12.00
# Visual Studio 15
Project("{FAE04EC0-301F-11D3-BF4B-00C04F79EFBC}") = "Architecture.Android", "src\Architecture.Android\Architecture.Android.csproj", "{7D329D7F-503D-4D5C-8272-63EBA1997CA4}"
EndProject
Project("{FAE04EC0-301F-11D3-BF4B-00C04F79EFBC}") = "Architecture.iOS", "src\Architecture.iOS\Architecture.iOS.csproj", "{7CD43BFD-3B1C-4F46-A338-6321F3F55DE0}"
EndProject
Project("{FAE04EC0-301F-11D3-BF4B-00C04F79EFBC}") = "Architecture", "src\Architecture\Architecture.csproj", "{4EC8BDB3-FE9D-4E3C-8BC4-DF6F69408F01}"
EndProject
Project("{FAE04EC0-301F-11D3-BF4B-00C04F79EFBC}") = "Architecture.UITests", "tests\Architecture.UITests\Architecture.UITests.csproj", "{04D95B3D-0D88-46DB-836E-D495F6124A1F}"
EndProject
Project("{FAE04EC0-301F-11D3-BF4B-00C04F79EFBC}") = "Architecture.UnitTests", "tests\Architecture.UnitTests\Architecture.UnitTests.csproj", "{C70874B4-03A3-4356-989F-7595B73ADC47}"
EndProject
Global
	GlobalSection(SolutionConfigurationPlatforms) = preSolution
		Debug|Any CPU = Debug|Any CPU
		Release|Any CPU = Release|Any CPU
		Debug|iPhoneSimulator = Debug|iPhoneSimulator
		Release|iPhoneSimulator = Release|iPhoneSimulator
		Debug|iPhone = Debug|iPhone
		Release|iPhone = Release|iPhone
		Ad-Hoc|iPhone = Ad-Hoc|iPhone
		AppStore|iPhone = AppStore|iPhone
	EndGlobalSection
	GlobalSection(ProjectConfigurationPlatforms) = postSolution
		{7D329D7F-503D-4D5C-8272-63EBA1997CA4}.Debug|Any CPU.ActiveCfg = Debug|Any CPU
		{7D329D7F-503D-4D5C-8272-63EBA1997CA4}.Debug|Any CPU.Build.0 = Debug|Any CPU
		{7D329D7F-503D-4D5C-8272-63EBA1997CA4}.Release|Any CPU.ActiveCfg = Release|Any CPU
		{7D329D7F-503D-4D5C-8272-63EBA1997CA4}.Release|Any CPU.Build.0 = Release|Any CPU
		{7D329D7F-503D-4D5C-8272-63EBA1997CA4}.Debug|iPhoneSimulator.ActiveCfg = Debug|Any CPU
		{7D329D7F-503D-4D5C-8272-63EBA1997CA4}.Debug|iPhoneSimulator.Build.0 = Debug|Any CPU
		{7D329D7F-503D-4D5C-8272-63EBA1997CA4}.Release|iPhoneSimulator.ActiveCfg = Release|Any CPU
		{7D329D7F-503D-4D5C-8272-63EBA1997CA4}.Release|iPhoneSimulator.Build.0 = Release|Any CPU
		{7D329D7F-503D-4D5C-8272-63EBA1997CA4}.Debug|iPhone.ActiveCfg = Debug|Any CPU
		{7D329D7F-503D-4D5C-8272-63EBA1997CA4}.Debug|iPhone.Build.0 = Debug|Any CPU
		{7D329D7F-503D-4D5C-8272-63EBA1997CA4}.Release|iPhone.ActiveCfg = Release|Any CPU
		{7D329D7F-503D-4D5C-8272-63EBA1997CA4}.Release|iPhone.Build.0 = Release|Any CPU
		{7D329D7F-503D-4D5C-8272-63EBA1997CA4}.Ad-Hoc|iPhone.ActiveCfg = Debug|Any CPU
		{7D329D7F-503D-4D5C-8272-63EBA1997CA4}.Ad-Hoc|iPhone.Build.0 = Debug|Any CPU
		{7D329D7F-503D-4D5C-8272-63EBA1997CA4}.AppStore|iPhone.ActiveCfg = Debug|Any CPU
		{7D329D7F-503D-4D5C-8272-63EBA1997CA4}.AppStore|iPhone.Build.0 = Debug|Any CPU
		{7CD43BFD-3B1C-4F46-A338-6321F3F55DE0}.Debug|Any CPU.ActiveCfg = Debug|iPhoneSimulator
		{7CD43BFD-3B1C-4F46-A338-6321F3F55DE0}.Debug|Any CPU.Build.0 = Debug|iPhoneSimulator
		{7CD43BFD-3B1C-4F46-A338-6321F3F55DE0}.Release|Any CPU.ActiveCfg = Release|iPhoneSimulator
		{7CD43BFD-3B1C-4F46-A338-6321F3F55DE0}.Release|Any CPU.Build.0 = Release|iPhoneSimulator
		{7CD43BFD-3B1C-4F46-A338-6321F3F55DE0}.Debug|iPhoneSimulator.ActiveCfg = Debug|iPhoneSimulator
		{7CD43BFD-3B1C-4F46-A338-6321F3F55DE0}.Debug|iPhoneSimulator.Build.0 = Debug|iPhoneSimulator
		{7CD43BFD-3B1C-4F46-A338-6321F3F55DE0}.Release|iPhoneSimulator.ActiveCfg = Release|iPhoneSimulator
		{7CD43BFD-3B1C-4F46-A338-6321F3F55DE0}.Release|iPhoneSimulator.Build.0 = Release|iPhoneSimulator
		{7CD43BFD-3B1C-4F46-A338-6321F3F55DE0}.Debug|iPhone.ActiveCfg = Debug|iPhone
		{7CD43BFD-3B1C-4F46-A338-6321F3F55DE0}.Debug|iPhone.Build.0 = Debug|iPhone
		{7CD43BFD-3B1C-4F46-A338-6321F3F55DE0}.Release|iPhone.ActiveCfg = Release|iPhone
		{7CD43BFD-3B1C-4F46-A338-6321F3F55DE0}.Release|iPhone.Build.0 = Release|iPhone
		{7CD43BFD-3B1C-4F46-A338-6321F3F55DE0}.Ad-Hoc|iPhone.ActiveCfg = Ad-Hoc|iPhone
		{7CD43BFD-3B1C-4F46-A338-6321F3F55DE0}.Ad-Hoc|iPhone.Build.0 = Ad-Hoc|iPhone
		{7CD43BFD-3B1C-4F46-A338-6321F3F55DE0}.AppStore|iPhone.ActiveCfg = AppStore|iPhone
		{7CD43BFD-3B1C-4F46-A338-6321F3F55DE0}.AppStore|iPhone.Build.0 = AppStore|iPhone
		{4EC8BDB3-FE9D-4E3C-8BC4-DF6F69408F01}.Debug|Any CPU.ActiveCfg = Debug|Any CPU
		{4EC8BDB3-FE9D-4E3C-8BC4-DF6F69408F01}.Debug|Any CPU.Build.0 = Debug|Any CPU
		{4EC8BDB3-FE9D-4E3C-8BC4-DF6F69408F01}.Release|Any CPU.ActiveCfg = Release|Any CPU
		{4EC8BDB3-FE9D-4E3C-8BC4-DF6F69408F01}.Release|Any CPU.Build.0 = Release|Any CPU
		{4EC8BDB3-FE9D-4E3C-8BC4-DF6F69408F01}.Debug|iPhoneSimulator.ActiveCfg = Debug|Any CPU
		{4EC8BDB3-FE9D-4E3C-8BC4-DF6F69408F01}.Debug|iPhoneSimulator.Build.0 = Debug|Any CPU
		{4EC8BDB3-FE9D-4E3C-8BC4-DF6F69408F01}.Release|iPhoneSimulator.ActiveCfg = Release|Any CPU
		{4EC8BDB3-FE9D-4E3C-8BC4-DF6F69408F01}.Release|iPhoneSimulator.Build.0 = Release|Any CPU
		{4EC8BDB3-FE9D-4E3C-8BC4-DF6F69408F01}.Debug|iPhone.ActiveCfg = Debug|Any CPU
		{4EC8BDB3-FE9D-4E3C-8BC4-DF6F69408F01}.Debug|iPhone.Build.0 = Debug|Any CPU
		{4EC8BDB3-FE9D-4E3C-8BC4-DF6F69408F01}.Release|iPhone.ActiveCfg = Release|Any CPU
		{4EC8BDB3-FE9D-4E3C-8BC4-DF6F69408F01}.Release|iPhone.Build.0 = Release|Any CPU
		{4EC8BDB3-FE9D-4E3C-8BC4-DF6F69408F01}.Ad-Hoc|iPhone.ActiveCfg = Debug|Any CPU
		{4EC8BDB3-FE9D-4E3C-8BC4-DF6F69408F01}.Ad-Hoc|iPhone.Build.0 = Debug|Any CPU
		{4EC8BDB3-FE9D-4E3C-8BC4-DF6F69408F01}.AppStore|iPhone.ActiveCfg = Debug|Any CPU
		{4EC8BDB3-FE9D-4E3C-8BC4-DF6F69408F01}.AppStore|iPhone.Build.0 = Debug|Any CPU
		{04D95B3D-0D88-46DB-836E-D495F6124A1F}.Debug|Any CPU.ActiveCfg = Debug|Any CPU
		{04D95B3D-0D88-46DB-836E-D495F6124A1F}.Debug|Any CPU.Build.0 = Debug|Any CPU
		{04D95B3D-0D88-46DB-836E-D495F6124A1F}.Release|Any CPU.ActiveCfg = Release|Any CPU
		{04D95B3D-0D88-46DB-836E-D495F6124A1F}.Release|Any CPU.Build.0 = Release|Any CPU
		{04D95B3D-0D88-46DB-836E-D495F6124A1F}.Debug|iPhoneSimulator.ActiveCfg = Debug|Any CPU
		{04D95B3D-0D88-46DB-836E-D495F6124A1F}.Debug|iPhoneSimulator.Build.0 = Debug|Any CPU
		{04D95B3D-0D88-46DB-836E-D495F6124A1F}.Release|iPhoneSimulator.ActiveCfg = Release|Any CPU
		{04D95B3D-0D88-46DB-836E-D495F6124A1F}.Release|iPhoneSimulator.Build.0 = Release|Any CPU
		{04D95B3D-0D88-46DB-836E-D495F6124A1F}.Debug|iPhone.ActiveCfg = Debug|Any CPU
		{04D95B3D-0D88-46DB-836E-D495F6124A1F}.Debug|iPhone.Build.0 = Debug|Any CPU
		{04D95B3D-0D88-46DB-836E-D495F6124A1F}.Release|iPhone.ActiveCfg = Release|Any CPU
		{04D95B3D-0D88-46DB-836E-D495F6124A1F}.Release|iPhone.Build.0 = Release|Any CPU
		{04D95B3D-0D88-46DB-836E-D495F6124A1F}.Ad-Hoc|iPhone.ActiveCfg = Debug|Any CPU
		{04D95B3D-0D88-46DB-836E-D495F6124A1F}.Ad-Hoc|iPhone.Build.0 = Debug|Any CPU
		{04D95B3D-0D88-46DB-836E-D495F6124A1F}.AppStore|iPhone.ActiveCfg = Debug|Any CPU
		{04D95B3D-0D88-46DB-836E-D495F6124A1F}.AppStore|iPhone.Build.0 = Debug|Any CPU
		{C70874B4-03A3-4356-989F-7595B73ADC47}.Debug|Any CPU.ActiveCfg = Debug|Any CPU
		{C70874B4-03A3-4356-989F-7595B73ADC47}.Debug|Any CPU.Build.0 = Debug|Any CPU
		{C70874B4-03A3-4356-989F-7595B73ADC47}.Release|Any CPU.ActiveCfg = Release|Any CPU
		{C70874B4-03A3-4356-989F-7595B73ADC47}.Release|Any CPU.Build.0 = Release|Any CPU
		{C70874B4-03A3-4356-989F-7595B73ADC47}.Debug|iPhoneSimulator.ActiveCfg = Debug|Any CPU
		{C70874B4-03A3-4356-989F-7595B73ADC47}.Debug|iPhoneSimulator.Build.0 = Debug|Any CPU
		{C70874B4-03A3-4356-989F-7595B73ADC47}.Release|iPhoneSimulator.ActiveCfg = Release|Any CPU
		{C70874B4-03A3-4356-989F-7595B73ADC47}.Release|iPhoneSimulator.Build.0 = Release|Any CPU
		{C70874B4-03A3-4356-989F-7595B73ADC47}.Debug|iPhone.ActiveCfg = Debug|Any CPU
		{C70874B4-03A3-4356-989F-7595B73ADC47}.Debug|iPhone.Build.0 = Debug|Any CPU
		{C70874B4-03A3-4356-989F-7595B73ADC47}.Release|iPhone.ActiveCfg = Release|Any CPU
		{C70874B4-03A3-4356-989F-7595B73ADC47}.Release|iPhone.Build.0 = Release|Any CPU
		{C70874B4-03A3-4356-989F-7595B73ADC47}.Ad-Hoc|iPhone.ActiveCfg = Debug|Any CPU
		{C70874B4-03A3-4356-989F-7595B73ADC47}.Ad-Hoc|iPhone.Build.0 = Debug|Any CPU
		{C70874B4-03A3-4356-989F-7595B73ADC47}.AppStore|iPhone.ActiveCfg = Debug|Any CPU
		{C70874B4-03A3-4356-989F-7595B73ADC47}.AppStore|iPhone.Build.0 = Debug|Any CPU
	EndGlobalSection
EndGlobal
